
Microsoft Visual Studio Solution File, Format Version 12.00
# Visual Studio Version 16
VisualStudioVersion = 16.0.30717.126
MinimumVisualStudioVersion = 10.0.40219.1
Project("{FAE04EC0-301F-11D3-BF4B-00C04F79EFBC}") = "105ProjectFrom95to200", "105ProjectFrom95to200\105ProjectFrom95to200.csproj", "{FBCBFA19-A703-44D7-BC64-BEA14AFAFDB1}"
EndProject
Project("{FAE04EC0-301F-11D3-BF4B-00C04F79EFBC}") = "Project98_Settings", "Project98\Project98_Settings.csproj", "{FA627E3B-5485-4ECB-A37B-AB7B36A2EFEC}"
EndProject
Project("{FAE04EC0-301F-11D3-BF4B-00C04F79EFBC}") = "Project99_TreeView", "Project99_TreeView\Project99_TreeView.csproj", "{389DC460-B7AC-4EAB-813D-B6747BF919F7}"
EndProject
Project("{FAE04EC0-301F-11D3-BF4B-00C04F79EFBC}") = "Project100_TreeView_p2", "Project100_TreeView_p2\Project100_TreeView_p2.csproj", "{6D9874D5-55BA-45AC-B026-5E04F595624A}"
EndProject
Project("{FAE04EC0-301F-11D3-BF4B-00C04F79EFBC}") = "Project101_TreeView_p3", "Project101_TreeView_p3\Project101_TreeView_p3.csproj", "{1F942244-0984-45AF-B617-B402144278A4}"
EndProject
Project("{FAE04EC0-301F-11D3-BF4B-00C04F79EFBC}") = "Project_102_Property_GRID", "Project_102_Property_GRID\Project_102_Property_GRID.csproj", "{E5D492A5-129E-40E1-896E-2E3D688875BD}"
EndProject
Project("{FAE04EC0-301F-11D3-BF4B-00C04F79EFBC}") = "Project103_AllControls", "Project103_AllControls\Project103_AllControls.csproj", "{BB60475E-0C95-4B82-B527-C6D7555BFBF7}"
EndProject
Project("{FAE04EC0-301F-11D3-BF4B-00C04F79EFBC}") = "StackIfProject101", "StackIfProject101\StackIfProject101.csproj", "{686112D1-5940-4932-970B-538823CC6550}"
EndProject
Project("{FAE04EC0-301F-11D3-BF4B-00C04F79EFBC}") = "Project105_Web_Browser", "Project105_Web_Browser\Project105_Web_Browser.csproj", "{A57933C2-10B8-4A6E-AB7E-235F20E38AE4}"
EndProject
Global
	GlobalSection(SolutionConfigurationPlatforms) = preSolution
		Debug|Any CPU = Debug|Any CPU
		Release|Any CPU = Release|Any CPU
	EndGlobalSection
	GlobalSection(ProjectConfigurationPlatforms) = postSolution
		{FBCBFA19-A703-44D7-BC64-BEA14AFAFDB1}.Debug|Any CPU.ActiveCfg = Debug|Any CPU
		{FBCBFA19-A703-44D7-BC64-BEA14AFAFDB1}.Debug|Any CPU.Build.0 = Debug|Any CPU
		{FBCBFA19-A703-44D7-BC64-BEA14AFAFDB1}.Release|Any CPU.ActiveCfg = Release|Any CPU
		{FBCBFA19-A703-44D7-BC64-BEA14AFAFDB1}.Release|Any CPU.Build.0 = Release|Any CPU
		{FA627E3B-5485-4ECB-A37B-AB7B36A2EFEC}.Debug|Any CPU.ActiveCfg = Debug|Any CPU
		{FA627E3B-5485-4ECB-A37B-AB7B36A2EFEC}.Debug|Any CPU.Build.0 = Debug|Any CPU
		{FA627E3B-5485-4ECB-A37B-AB7B36A2EFEC}.Release|Any CPU.ActiveCfg = Release|Any CPU
		{FA627E3B-5485-4ECB-A37B-AB7B36A2EFEC}.Release|Any CPU.Build.0 = Release|Any CPU
		{389DC460-B7AC-4EAB-813D-B6747BF919F7}.Debug|Any CPU.ActiveCfg = Debug|Any CPU
		{389DC460-B7AC-4EAB-813D-B6747BF919F7}.Debug|Any CPU.Build.0 = Debug|Any CPU
		{389DC460-B7AC-4EAB-813D-B6747BF919F7}.Release|Any CPU.ActiveCfg = Release|Any CPU
		{389DC460-B7AC-4EAB-813D-B6747BF919F7}.Release|Any CPU.Build.0 = Release|Any CPU
		{6D9874D5-55BA-45AC-B026-5E04F595624A}.Debug|Any CPU.ActiveCfg = Debug|Any CPU
		{6D9874D5-55BA-45AC-B026-5E04F595624A}.Debug|Any CPU.Build.0 = Debug|Any CPU
		{6D9874D5-55BA-45AC-B026-5E04F595624A}.Release|Any CPU.ActiveCfg = Release|Any CPU
		{6D9874D5-55BA-45AC-B026-5E04F595624A}.Release|Any CPU.Build.0 = Release|Any CPU
		{1F942244-0984-45AF-B617-B402144278A4}.Debug|Any CPU.ActiveCfg = Debug|Any CPU
		{1F942244-0984-45AF-B617-B402144278A4}.Debug|Any CPU.Build.0 = Debug|Any CPU
		{1F942244-0984-45AF-B617-B402144278A4}.Release|Any CPU.ActiveCfg = Release|Any CPU
		{1F942244-0984-45AF-B617-B402144278A4}.Release|Any CPU.Build.0 = Release|Any CPU
		{E5D492A5-129E-40E1-896E-2E3D688875BD}.Debug|Any CPU.ActiveCfg = Debug|Any CPU
		{E5D492A5-129E-40E1-896E-2E3D688875BD}.Debug|Any CPU.Build.0 = Debug|Any CPU
		{E5D492A5-129E-40E1-896E-2E3D688875BD}.Release|Any CPU.ActiveCfg = Release|Any CPU
		{E5D492A5-129E-40E1-896E-2E3D688875BD}.Release|Any CPU.Build.0 = Release|Any CPU
		{BB60475E-0C95-4B82-B527-C6D7555BFBF7}.Debug|Any CPU.ActiveCfg = Debug|Any CPU
		{BB60475E-0C95-4B82-B527-C6D7555BFBF7}.Debug|Any CPU.Build.0 = Debug|Any CPU
		{BB60475E-0C95-4B82-B527-C6D7555BFBF7}.Release|Any CPU.ActiveCfg = Release|Any CPU
		{BB60475E-0C95-4B82-B527-C6D7555BFBF7}.Release|Any CPU.Build.0 = Release|Any CPU
		{686112D1-5940-4932-970B-538823CC6550}.Debug|Any CPU.ActiveCfg = Debug|Any CPU
		{686112D1-5940-4932-970B-538823CC6550}.Debug|Any CPU.Build.0 = Debug|Any CPU
		{686112D1-5940-4932-970B-538823CC6550}.Release|Any CPU.ActiveCfg = Release|Any CPU
		{686112D1-5940-4932-970B-538823CC6550}.Release|Any CPU.Build.0 = Release|Any CPU
		{A57933C2-10B8-4A6E-AB7E-235F20E38AE4}.Debug|Any CPU.ActiveCfg = Debug|Any CPU
		{A57933C2-10B8-4A6E-AB7E-235F20E38AE4}.Debug|Any CPU.Build.0 = Debug|Any CPU
		{A57933C2-10B8-4A6E-AB7E-235F20E38AE4}.Release|Any CPU.ActiveCfg = Release|Any CPU
		{A57933C2-10B8-4A6E-AB7E-235F20E38AE4}.Release|Any CPU.Build.0 = Release|Any CPU
	EndGlobalSection
	GlobalSection(SolutionProperties) = preSolution
		HideSolutionNode = FALSE
	EndGlobalSection
	GlobalSection(ExtensibilityGlobals) = postSolution
		SolutionGuid = {6807D30B-2848-4EF0-A6E0-8E6D9B33393E}
	EndGlobalSection
EndGlobal
